
Microsoft Visual Studio Solution File, Format Version 12.00
# Visual Studio Version 16
VisualStudioVersion = 16.0.29418.71
MinimumVisualStudioVersion = 10.0.40219.1
Project("{FAE04EC0-301F-11D3-BF4B-00C04F79EFBC}") = "DockerRegistryTest", "DockerRegistryTest\DockerRegistryTest.csproj", "{30570B11-BB25-4455-A1A1-B056B637DC75}"
EndProject
Project("{9A19103F-16F7-4668-BE54-9A1E7A4F7556}") = "Docker.Registry.DotNet", "..\..\github\Docker.Registry.DotNet\src\Docker.Registry.DotNet\Docker.Registry.DotNet.csproj", "{360E094B-6773-471D-BAB6-D907E2B85B69}"
EndProject
Global
	GlobalSection(SolutionConfigurationPlatforms) = preSolution
		Debug|Any CPU = Debug|Any CPU
		Release|Any CPU = Release|Any CPU
	EndGlobalSection
	GlobalSection(ProjectConfigurationPlatforms) = postSolution
		{30570B11-BB25-4455-A1A1-B056B637DC75}.Debug|Any CPU.ActiveCfg = Debug|Any CPU
		{30570B11-BB25-4455-A1A1-B056B637DC75}.Debug|Any CPU.Build.0 = Debug|Any CPU
		{30570B11-BB25-4455-A1A1-B056B637DC75}.Release|Any CPU.ActiveCfg = Release|Any CPU
		{30570B11-BB25-4455-A1A1-B056B637DC75}.Release|Any CPU.Build.0 = Release|Any CPU
		{360E094B-6773-471D-BAB6-D907E2B85B69}.Debug|Any CPU.ActiveCfg = Debug|Any CPU
		{360E094B-6773-471D-BAB6-D907E2B85B69}.Debug|Any CPU.Build.0 = Debug|Any CPU
		{360E094B-6773-471D-BAB6-D907E2B85B69}.Release|Any CPU.ActiveCfg = Release|Any CPU
		{360E094B-6773-471D-BAB6-D907E2B85B69}.Release|Any CPU.Build.0 = Release|Any CPU
	EndGlobalSection
	GlobalSection(SolutionProperties) = preSolution
		HideSolutionNode = FALSE
	EndGlobalSection
	GlobalSection(ExtensibilityGlobals) = postSolution
		SolutionGuid = {7CEEBF8F-F0CA-48AA-BD44-FE177D238559}
	EndGlobalSection
EndGlobal
